
Microsoft Visual Studio Solution File, Format Version 12.00
# Visual Studio Version 16
VisualStudioVersion = 16.0.30503.244
MinimumVisualStudioVersion = 10.0.40219.1
Project("{F14B399A-7131-4C87-9E4B-1186C45EF12D}") = "ReportCreationPractise", "Report Project1\ReportCreationPractise.rptproj", "{37E7258E-8956-4219-997A-4DCF1474C2E9}"
EndProject
Global
	GlobalSection(SolutionConfigurationPlatforms) = preSolution
		Debug|Default = Debug|Default
		DebugLocal|Default = DebugLocal|Default
		Release|Default = Release|Default
	EndGlobalSection
	GlobalSection(ProjectConfigurationPlatforms) = postSolution
		{37E7258E-8956-4219-997A-4DCF1474C2E9}.Debug|Default.ActiveCfg = Debug
		{37E7258E-8956-4219-997A-4DCF1474C2E9}.Debug|Default.Build.0 = Debug
		{37E7258E-8956-4219-997A-4DCF1474C2E9}.Debug|Default.Deploy.0 = Debug
		{37E7258E-8956-4219-997A-4DCF1474C2E9}.DebugLocal|Default.ActiveCfg = DebugLocal
		{37E7258E-8956-4219-997A-4DCF1474C2E9}.DebugLocal|Default.Build.0 = DebugLocal
		{37E7258E-8956-4219-997A-4DCF1474C2E9}.Release|Default.ActiveCfg = Release
		{37E7258E-8956-4219-997A-4DCF1474C2E9}.Release|Default.Build.0 = Release
		{37E7258E-8956-4219-997A-4DCF1474C2E9}.Release|Default.Deploy.0 = Release
	EndGlobalSection
	GlobalSection(SolutionProperties) = preSolution
		HideSolutionNode = FALSE
	EndGlobalSection
	GlobalSection(ExtensibilityGlobals) = postSolution
		SolutionGuid = {6F799F42-F40B-479B-BB2D-51C83EB3FA98}
	EndGlobalSection
EndGlobal
