
Microsoft Visual Studio Solution File, Format Version 12.00
# Visual Studio Version 16
VisualStudioVersion = 16.0.30503.244
MinimumVisualStudioVersion = 10.0.40219.1
Project("{F14B399A-7131-4C87-9E4B-1186C45EF12D}") = "ReportDevelopmentPractise", "ReportDevelopmentPractise\ReportDevelopmentPractise.rptproj", "{A3C2ACAE-0E78-4891-B754-488BC245E8A4}"
EndProject
Global
	GlobalSection(SolutionConfigurationPlatforms) = preSolution
		Debug|Default = Debug|Default
		DebugLocal|Default = DebugLocal|Default
		Release|Default = Release|Default
	EndGlobalSection
	GlobalSection(ProjectConfigurationPlatforms) = postSolution
		{A3C2ACAE-0E78-4891-B754-488BC245E8A4}.Debug|Default.ActiveCfg = Debug
		{A3C2ACAE-0E78-4891-B754-488BC245E8A4}.Debug|Default.Build.0 = Debug
		{A3C2ACAE-0E78-4891-B754-488BC245E8A4}.Debug|Default.Deploy.0 = Debug
		{A3C2ACAE-0E78-4891-B754-488BC245E8A4}.DebugLocal|Default.ActiveCfg = DebugLocal
		{A3C2ACAE-0E78-4891-B754-488BC245E8A4}.DebugLocal|Default.Build.0 = DebugLocal
		{A3C2ACAE-0E78-4891-B754-488BC245E8A4}.Release|Default.ActiveCfg = Release
		{A3C2ACAE-0E78-4891-B754-488BC245E8A4}.Release|Default.Build.0 = Release
		{A3C2ACAE-0E78-4891-B754-488BC245E8A4}.Release|Default.Deploy.0 = Release
	EndGlobalSection
	GlobalSection(SolutionProperties) = preSolution
		HideSolutionNode = FALSE
	EndGlobalSection
	GlobalSection(ExtensibilityGlobals) = postSolution
		SolutionGuid = {6F799F42-F40B-479B-BB2D-51C83EB3FA98}
	EndGlobalSection
EndGlobal
